// !$*UTF8*$!
{
	archiveVersion = 1;
	classes = {
	};
	objectVersion = 56;
	objects = {

/* Begin PBXBuildFile section */
		CC63B53C29B2D6A2004E46AA /* SwiftUI_IntermediateApp.swift in Sources */ = {isa = PBXBuildFile; fileRef = CC63B53B29B2D6A2004E46AA /* SwiftUI_IntermediateApp.swift */; };
		CC63B54029B2D6A3004E46AA /* Assets.xcassets in Resources */ = {isa = PBXBuildFile; fileRef = CC63B53F29B2D6A3004E46AA /* Assets.xcassets */; };
		CC63B54329B2D6A3004E46AA /* Preview Assets.xcassets in Resources */ = {isa = PBXBuildFile; fileRef = CC63B54229B2D6A3004E46AA /* Preview Assets.xcassets */; };
		CC63B54A29B38AE3004E46AA /* LongPressGesturePractice.swift in Sources */ = {isa = PBXBuildFile; fileRef = CC63B54929B38AE3004E46AA /* LongPressGesturePractice.swift */; };
		CCDFC73529B3952200FEF695 /* MagnificationGesturePractice.swift in Sources */ = {isa = PBXBuildFile; fileRef = CCDFC73429B3952200FEF695 /* MagnificationGesturePractice.swift */; };
		CCDFC73729B581CD00FEF695 /* RotatationGesturePractice.swift in Sources */ = {isa = PBXBuildFile; fileRef = CCDFC73629B581CD00FEF695 /* RotatationGesturePractice.swift */; };
		CCDFC73929B583C800FEF695 /* DragGesturePractice.swift in Sources */ = {isa = PBXBuildFile; fileRef = CCDFC73829B583C800FEF695 /* DragGesturePractice.swift */; };
		CCDFC73B29B587D100FEF695 /* DragGesturePractice02.swift in Sources */ = {isa = PBXBuildFile; fileRef = CCDFC73A29B587D100FEF695 /* DragGesturePractice02.swift */; };
		CCDFC73D29B58CE500FEF695 /* ScrollViewReaderPractice.swift in Sources */ = {isa = PBXBuildFile; fileRef = CCDFC73C29B58CE500FEF695 /* ScrollViewReaderPractice.swift */; };
		CCDFC73F29B5BDFE00FEF695 /* GeometryReaderPractice.swift in Sources */ = {isa = PBXBuildFile; fileRef = CCDFC73E29B5BDFE00FEF695 /* GeometryReaderPractice.swift */; };
		CCDFC74129B5C23C00FEF695 /* MultipleSheetsPractice.swift in Sources */ = {isa = PBXBuildFile; fileRef = CCDFC74029B5C23C00FEF695 /* MultipleSheetsPractice.swift */; };
		CCDFC74329B5C8C400FEF695 /* MultipleSheetsPractice02.swift in Sources */ = {isa = PBXBuildFile; fileRef = CCDFC74229B5C8C400FEF695 /* MultipleSheetsPractice02.swift */; };
		CCDFC74529B5CB9000FEF695 /* MaskPractice.swift in Sources */ = {isa = PBXBuildFile; fileRef = CCDFC74429B5CB9000FEF695 /* MaskPractice.swift */; };
/* End PBXBuildFile section */

/* Begin PBXFileReference section */
		CC63B53829B2D6A2004E46AA /* SwiftUI_Intermediate.app */ = {isa = PBXFileReference; explicitFileType = wrapper.application; includeInIndex = 0; path = SwiftUI_Intermediate.app; sourceTree = BUILT_PRODUCTS_DIR; };
		CC63B53B29B2D6A2004E46AA /* SwiftUI_IntermediateApp.swift */ = {isa = PBXFileReference; lastKnownFileType = sourcecode.swift; path = SwiftUI_IntermediateApp.swift; sourceTree = "<group>"; };
		CC63B53F29B2D6A3004E46AA /* Assets.xcassets */ = {isa = PBXFileReference; lastKnownFileType = folder.assetcatalog; path = Assets.xcassets; sourceTree = "<group>"; };
		CC63B54229B2D6A3004E46AA /* Preview Assets.xcassets */ = {isa = PBXFileReference; lastKnownFileType = folder.assetcatalog; path = "Preview Assets.xcassets"; sourceTree = "<group>"; };
		CC63B54929B38AE3004E46AA /* LongPressGesturePractice.swift */ = {isa = PBXFileReference; lastKnownFileType = sourcecode.swift; path = LongPressGesturePractice.swift; sourceTree = "<group>"; };
		CCDFC73429B3952200FEF695 /* MagnificationGesturePractice.swift */ = {isa = PBXFileReference; lastKnownFileType = sourcecode.swift; path = MagnificationGesturePractice.swift; sourceTree = "<group>"; };
		CCDFC73629B581CD00FEF695 /* RotatationGesturePractice.swift */ = {isa = PBXFileReference; lastKnownFileType = sourcecode.swift; path = RotatationGesturePractice.swift; sourceTree = "<group>"; };
		CCDFC73829B583C800FEF695 /* DragGesturePractice.swift */ = {isa = PBXFileReference; lastKnownFileType = sourcecode.swift; path = DragGesturePractice.swift; sourceTree = "<group>"; };
		CCDFC73A29B587D100FEF695 /* DragGesturePractice02.swift */ = {isa = PBXFileReference; lastKnownFileType = sourcecode.swift; path = DragGesturePractice02.swift; sourceTree = "<group>"; };
		CCDFC73C29B58CE500FEF695 /* ScrollViewReaderPractice.swift */ = {isa = PBXFileReference; lastKnownFileType = sourcecode.swift; path = ScrollViewReaderPractice.swift; sourceTree = "<group>"; };
		CCDFC73E29B5BDFE00FEF695 /* GeometryReaderPractice.swift */ = {isa = PBXFileReference; lastKnownFileType = sourcecode.swift; path = GeometryReaderPractice.swift; sourceTree = "<group>"; };
		CCDFC74029B5C23C00FEF695 /* MultipleSheetsPractice.swift */ = {isa = PBXFileReference; lastKnownFileType = sourcecode.swift; path = MultipleSheetsPractice.swift; sourceTree = "<group>"; };
		CCDFC74229B5C8C400FEF695 /* MultipleSheetsPractice02.swift */ = {isa = PBXFileReference; lastKnownFileType = sourcecode.swift; path = MultipleSheetsPractice02.swift; sourceTree = "<group>"; };
		CCDFC74429B5CB9000FEF695 /* MaskPractice.swift */ = {isa = PBXFileReference; lastKnownFileType = sourcecode.swift; path = MaskPractice.swift; sourceTree = "<group>"; };
/* End PBXFileReference section */

/* Begin PBXFrameworksBuildPhase section */
		CC63B53529B2D6A2004E46AA /* Frameworks */ = {
			isa = PBXFrameworksBuildPhase;
			buildActionMask = 2147483647;
			files = (
			);
			runOnlyForDeploymentPostprocessing = 0;
		};
/* End PBXFrameworksBuildPhase section */

/* Begin PBXGroup section */
		CC63B52F29B2D6A2004E46AA = {
			isa = PBXGroup;
			children = (
				CC63B53A29B2D6A2004E46AA /* SwiftUI_Intermediate */,
				CC63B53929B2D6A2004E46AA /* Products */,
			);
			sourceTree = "<group>";
		};
		CC63B53929B2D6A2004E46AA /* Products */ = {
			isa = PBXGroup;
			children = (
				CC63B53829B2D6A2004E46AA /* SwiftUI_Intermediate.app */,
			);
			name = Products;
			sourceTree = "<group>";
		};
		CC63B53A29B2D6A2004E46AA /* SwiftUI_Intermediate */ = {
			isa = PBXGroup;
			children = (
				CC63B53B29B2D6A2004E46AA /* SwiftUI_IntermediateApp.swift */,
				CC63B54929B38AE3004E46AA /* LongPressGesturePractice.swift */,
				CCDFC73429B3952200FEF695 /* MagnificationGesturePractice.swift */,
				CCDFC73629B581CD00FEF695 /* RotatationGesturePractice.swift */,
				CCDFC73829B583C800FEF695 /* DragGesturePractice.swift */,
				CCDFC73A29B587D100FEF695 /* DragGesturePractice02.swift */,
				CCDFC73C29B58CE500FEF695 /* ScrollViewReaderPractice.swift */,
				CCDFC73E29B5BDFE00FEF695 /* GeometryReaderPractice.swift */,
				CCDFC74029B5C23C00FEF695 /* MultipleSheetsPractice.swift */,
				CCDFC74229B5C8C400FEF695 /* MultipleSheetsPractice02.swift */,
				CCDFC74429B5CB9000FEF695 /* MaskPractice.swift */,
				CC63B53F29B2D6A3004E46AA /* Assets.xcassets */,
				CC63B54129B2D6A3004E46AA /* Preview Content */,
			);
			path = SwiftUI_Intermediate;
			sourceTree = "<group>";
		};
		CC63B54129B2D6A3004E46AA /* Preview Content */ = {
			isa = PBXGroup;
			children = (
				CC63B54229B2D6A3004E46AA /* Preview Assets.xcassets */,
			);
			path = "Preview Content";
			sourceTree = "<group>";
		};
/* End PBXGroup section */

/* Begin PBXNativeTarget section */
		CC63B53729B2D6A2004E46AA /* SwiftUI_Intermediate */ = {
			isa = PBXNativeTarget;
			buildConfigurationList = CC63B54629B2D6A3004E46AA /* Build configuration list for PBXNativeTarget "SwiftUI_Intermediate" */;
			buildPhases = (
				CC63B53429B2D6A2004E46AA /* Sources */,
				CC63B53529B2D6A2004E46AA /* Frameworks */,
				CC63B53629B2D6A2004E46AA /* Resources */,
			);
			buildRules = (
			);
			dependencies = (
			);
			name = SwiftUI_Intermediate;
			productName = SwiftUI_Intermediate;
			productReference = CC63B53829B2D6A2004E46AA /* SwiftUI_Intermediate.app */;
			productType = "com.apple.product-type.application";
		};
/* End PBXNativeTarget section */

/* Begin PBXProject section */
		CC63B53029B2D6A2004E46AA /* Project object */ = {
			isa = PBXProject;
			attributes = {
				BuildIndependentTargetsInParallel = 1;
				LastSwiftUpdateCheck = 1420;
				LastUpgradeCheck = 1420;
				TargetAttributes = {
					CC63B53729B2D6A2004E46AA = {
						CreatedOnToolsVersion = 14.2;
					};
				};
			};
			buildConfigurationList = CC63B53329B2D6A2004E46AA /* Build configuration list for PBXProject "SwiftUI_Intermediate" */;
			compatibilityVersion = "Xcode 14.0";
			developmentRegion = en;
			hasScannedForEncodings = 0;
			knownRegions = (
				en,
				Base,
			);
			mainGroup = CC63B52F29B2D6A2004E46AA;
			productRefGroup = CC63B53929B2D6A2004E46AA /* Products */;
			projectDirPath = "";
			projectRoot = "";
			targets = (
				CC63B53729B2D6A2004E46AA /* SwiftUI_Intermediate */,
			);
		};
/* End PBXProject section */

/* Begin PBXResourcesBuildPhase section */
		CC63B53629B2D6A2004E46AA /* Resources */ = {
			isa = PBXResourcesBuildPhase;
			buildActionMask = 2147483647;
			files = (
				CC63B54329B2D6A3004E46AA /* Preview Assets.xcassets in Resources */,
				CC63B54029B2D6A3004E46AA /* Assets.xcassets in Resources */,
			);
			runOnlyForDeploymentPostprocessing = 0;
		};
/* End PBXResourcesBuildPhase section */

/* Begin PBXSourcesBuildPhase section */
		CC63B53429B2D6A2004E46AA /* Sources */ = {
			isa = PBXSourcesBuildPhase;
			buildActionMask = 2147483647;
			files = (
				CC63B53C29B2D6A2004E46AA /* SwiftUI_IntermediateApp.swift in Sources */,
				CCDFC74129B5C23C00FEF695 /* MultipleSheetsPractice.swift in Sources */,
				CCDFC73F29B5BDFE00FEF695 /* GeometryReaderPractice.swift in Sources */,
				CCDFC73D29B58CE500FEF695 /* ScrollViewReaderPractice.swift in Sources */,
				CCDFC73729B581CD00FEF695 /* RotatationGesturePractice.swift in Sources */,
				CC63B54A29B38AE3004E46AA /* LongPressGesturePractice.swift in Sources */,
				CCDFC74529B5CB9000FEF695 /* MaskPractice.swift in Sources */,
				CCDFC73529B3952200FEF695 /* MagnificationGesturePractice.swift in Sources */,
				CCDFC73B29B587D100FEF695 /* DragGesturePractice02.swift in Sources */,
				CCDFC74329B5C8C400FEF695 /* MultipleSheetsPractice02.swift in Sources */,
				CCDFC73929B583C800FEF695 /* DragGesturePractice.swift in Sources */,
			);
			runOnlyForDeploymentPostprocessing = 0;
		};
/* End PBXSourcesBuildPhase section */

/* Begin XCBuildConfiguration section */
		CC63B54429B2D6A3004E46AA /* Debug */ = {
			isa = XCBuildConfiguration;
			buildSettings = {
				ALWAYS_SEARCH_USER_PATHS = NO;
				CLANG_ANALYZER_NONNULL = YES;
				CLANG_ANALYZER_NUMBER_OBJECT_CONVERSION = YES_AGGRESSIVE;
				CLANG_CXX_LANGUAGE_STANDARD = "gnu++20";
				CLANG_ENABLE_MODULES = YES;
				CLANG_ENABLE_OBJC_ARC = YES;
				CLANG_ENABLE_OBJC_WEAK = YES;
				CLANG_WARN_BLOCK_CAPTURE_AUTORELEASING = YES;
				CLANG_WARN_BOOL_CONVERSION = YES;
				CLANG_WARN_COMMA = YES;
				CLANG_WARN_CONSTANT_CONVERSION = YES;
				CLANG_WARN_DEPRECATED_OBJC_IMPLEMENTATIONS = YES;
				CLANG_WARN_DIRECT_OBJC_ISA_USAGE = YES_ERROR;
				CLANG_WARN_DOCUMENTATION_COMMENTS = YES;
				CLANG_WARN_EMPTY_BODY = YES;
				CLANG_WARN_ENUM_CONVERSION = YES;
				CLANG_WARN_INFINITE_RECURSION = YES;
				CLANG_WARN_INT_CONVERSION = YES;
				CLANG_WARN_NON_LITERAL_NULL_CONVERSION = YES;
				CLANG_WARN_OBJC_IMPLICIT_RETAIN_SELF = YES;
				CLANG_WARN_OBJC_LITERAL_CONVERSION = YES;
				CLANG_WARN_OBJC_ROOT_CLASS = YES_ERROR;
				CLANG_WARN_QUOTED_INCLUDE_IN_FRAMEWORK_HEADER = YES;
				CLANG_WARN_RANGE_LOOP_ANALYSIS = YES;
				CLANG_WARN_STRICT_PROTOTYPES = YES;
				CLANG_WARN_SUSPICIOUS_MOVE = YES;
				CLANG_WARN_UNGUARDED_AVAILABILITY = YES_AGGRESSIVE;
				CLANG_WARN_UNREACHABLE_CODE = YES;
				CLANG_WARN__DUPLICATE_METHOD_MATCH = YES;
				COPY_PHASE_STRIP = NO;
				DEBUG_INFORMATION_FORMAT = dwarf;
				ENABLE_STRICT_OBJC_MSGSEND = YES;
				ENABLE_TESTABILITY = YES;
				GCC_C_LANGUAGE_STANDARD = gnu11;
				GCC_DYNAMIC_NO_PIC = NO;
				GCC_NO_COMMON_BLOCKS = YES;
				GCC_OPTIMIZATION_LEVEL = 0;
				GCC_PREPROCESSOR_DEFINITIONS = (
					"DEBUG=1",
					"$(inherited)",
				);
				GCC_WARN_64_TO_32_BIT_CONVERSION = YES;
				GCC_WARN_ABOUT_RETURN_TYPE = YES_ERROR;
				GCC_WARN_UNDECLARED_SELECTOR = YES;
				GCC_WARN_UNINITIALIZED_AUTOS = YES_AGGRESSIVE;
				GCC_WARN_UNUSED_FUNCTION = YES;
				GCC_WARN_UNUSED_VARIABLE = YES;
				IPHONEOS_DEPLOYMENT_TARGET = 16.2;
				MTL_ENABLE_DEBUG_INFO = INCLUDE_SOURCE;
				MTL_FAST_MATH = YES;
				ONLY_ACTIVE_ARCH = YES;
				SDKROOT = iphoneos;
				SWIFT_ACTIVE_COMPILATION_CONDITIONS = DEBUG;
				SWIFT_OPTIMIZATION_LEVEL = "-Onone";
			};
			name = Debug;
		};
		CC63B54529B2D6A3004E46AA /* Release */ = {
			isa = XCBuildConfiguration;
			buildSettings = {
				ALWAYS_SEARCH_USER_PATHS = NO;
				CLANG_ANALYZER_NONNULL = YES;
				CLANG_ANALYZER_NUMBER_OBJECT_CONVERSION = YES_AGGRESSIVE;
				CLANG_CXX_LANGUAGE_STANDARD = "gnu++20";
				CLANG_ENABLE_MODULES = YES;
				CLANG_ENABLE_OBJC_ARC = YES;
				CLANG_ENABLE_OBJC_WEAK = YES;
				CLANG_WARN_BLOCK_CAPTURE_AUTORELEASING = YES;
				CLANG_WARN_BOOL_CONVERSION = YES;
				CLANG_WARN_COMMA = YES;
				CLANG_WARN_CONSTANT_CONVERSION = YES;
				CLANG_WARN_DEPRECATED_OBJC_IMPLEMENTATIONS = YES;
				CLANG_WARN_DIRECT_OBJC_ISA_USAGE = YES_ERROR;
				CLANG_WARN_DOCUMENTATION_COMMENTS = YES;
				CLANG_WARN_EMPTY_BODY = YES;
				CLANG_WARN_ENUM_CONVERSION = YES;
				CLANG_WARN_INFINITE_RECURSION = YES;
				CLANG_WARN_INT_CONVERSION = YES;
				CLANG_WARN_NON_LITERAL_NULL_CONVERSION = YES;
				CLANG_WARN_OBJC_IMPLICIT_RETAIN_SELF = YES;
				CLANG_WARN_OBJC_LITERAL_CONVERSION = YES;
				CLANG_WARN_OBJC_ROOT_CLASS = YES_ERROR;
				CLANG_WARN_QUOTED_INCLUDE_IN_FRAMEWORK_HEADER = YES;
				CLANG_WARN_RANGE_LOOP_ANALYSIS = YES;
				CLANG_WARN_STRICT_PROTOTYPES = YES;
				CLANG_WARN_SUSPICIOUS_MOVE = YES;
				CLANG_WARN_UNGUARDED_AVAILABILITY = YES_AGGRESSIVE;
				CLANG_WARN_UNREACHABLE_CODE = YES;
				CLANG_WARN__DUPLICATE_METHOD_MATCH = YES;
				COPY_PHASE_STRIP = NO;
				DEBUG_INFORMATION_FORMAT = "dwarf-with-dsym";
				ENABLE_NS_ASSERTIONS = NO;
				ENABLE_STRICT_OBJC_MSGSEND = YES;
				GCC_C_LANGUAGE_STANDARD = gnu11;
				GCC_NO_COMMON_BLOCKS = YES;
				GCC_WARN_64_TO_32_BIT_CONVERSION = YES;
				GCC_WARN_ABOUT_RETURN_TYPE = YES_ERROR;
				GCC_WARN_UNDECLARED_SELECTOR = YES;
				GCC_WARN_UNINITIALIZED_AUTOS = YES_AGGRESSIVE;
				GCC_WARN_UNUSED_FUNCTION = YES;
				GCC_WARN_UNUSED_VARIABLE = YES;
				IPHONEOS_DEPLOYMENT_TARGET = 16.2;
				MTL_ENABLE_DEBUG_INFO = NO;
				MTL_FAST_MATH = YES;
				SDKROOT = iphoneos;
				SWIFT_COMPILATION_MODE = wholemodule;
				SWIFT_OPTIMIZATION_LEVEL = "-O";
				VALIDATE_PRODUCT = YES;
			};
			name = Release;
		};
		CC63B54729B2D6A3004E46AA /* Debug */ = {
			isa = XCBuildConfiguration;
			buildSettings = {
				ASSETCATALOG_COMPILER_APPICON_NAME = AppIcon;
				ASSETCATALOG_COMPILER_GLOBAL_ACCENT_COLOR_NAME = AccentColor;
				CODE_SIGN_STYLE = Automatic;
				CURRENT_PROJECT_VERSION = 1;
				DEVELOPMENT_ASSET_PATHS = "\"SwiftUI_Intermediate/Preview Content\"";
				DEVELOPMENT_TEAM = KJK4573Q5V;
				ENABLE_PREVIEWS = YES;
				GENERATE_INFOPLIST_FILE = YES;
				INFOPLIST_KEY_UIApplicationSceneManifest_Generation = YES;
				INFOPLIST_KEY_UIApplicationSupportsIndirectInputEvents = YES;
				INFOPLIST_KEY_UILaunchScreen_Generation = YES;
				INFOPLIST_KEY_UISupportedInterfaceOrientations_iPad = "UIInterfaceOrientationPortrait UIInterfaceOrientationPortraitUpsideDown UIInterfaceOrientationLandscapeLeft UIInterfaceOrientationLandscapeRight";
				INFOPLIST_KEY_UISupportedInterfaceOrientations_iPhone = "UIInterfaceOrientationPortrait UIInterfaceOrientationLandscapeLeft UIInterfaceOrientationLandscapeRight";
				LD_RUNPATH_SEARCH_PATHS = (
					"$(inherited)",
					"@executable_path/Frameworks",
				);
				MARKETING_VERSION = 1.0;
				PRODUCT_BUNDLE_IDENTIFIER = "kr.co.henrykim92.SwiftUI-Intermediate";
				PRODUCT_NAME = "$(TARGET_NAME)";
				SWIFT_EMIT_LOC_STRINGS = YES;
				SWIFT_VERSION = 5.0;
				TARGETED_DEVICE_FAMILY = "1,2";
			};
			name = Debug;
		};
		CC63B54829B2D6A3004E46AA /* Release */ = {
			isa = XCBuildConfiguration;
			buildSettings = {
				ASSETCATALOG_COMPILER_APPICON_NAME = AppIcon;
				ASSETCATALOG_COMPILER_GLOBAL_ACCENT_COLOR_NAME = AccentColor;
				CODE_SIGN_STYLE = Automatic;
				CURRENT_PROJECT_VERSION = 1;
				DEVELOPMENT_ASSET_PATHS = "\"SwiftUI_Intermediate/Preview Content\"";
				DEVELOPMENT_TEAM = KJK4573Q5V;
				ENABLE_PREVIEWS = YES;
				GENERATE_INFOPLIST_FILE = YES;
				INFOPLIST_KEY_UIApplicationSceneManifest_Generation = YES;
				INFOPLIST_KEY_UIApplicationSupportsIndirectInputEvents = YES;
				INFOPLIST_KEY_UILaunchScreen_Generation = YES;
				INFOPLIST_KEY_UISupportedInterfaceOrientations_iPad = "UIInterfaceOrientationPortrait UIInterfaceOrientationPortraitUpsideDown UIInterfaceOrientationLandscapeLeft UIInterfaceOrientationLandscapeRight";
				INFOPLIST_KEY_UISupportedInterfaceOrientations_iPhone = "UIInterfaceOrientationPortrait UIInterfaceOrientationLandscapeLeft UIInterfaceOrientationLandscapeRight";
				LD_RUNPATH_SEARCH_PATHS = (
					"$(inherited)",
					"@executable_path/Frameworks",
				);
				MARKETING_VERSION = 1.0;
				PRODUCT_BUNDLE_IDENTIFIER = "kr.co.henrykim92.SwiftUI-Intermediate";
				PRODUCT_NAME = "$(TARGET_NAME)";
				SWIFT_EMIT_LOC_STRINGS = YES;
				SWIFT_VERSION = 5.0;
				TARGETED_DEVICE_FAMILY = "1,2";
			};
			name = Release;
		};
/* End XCBuildConfiguration section */

/* Begin XCConfigurationList section */
		CC63B53329B2D6A2004E46AA /* Build configuration list for PBXProject "SwiftUI_Intermediate" */ = {
			isa = XCConfigurationList;
			buildConfigurations = (
				CC63B54429B2D6A3004E46AA /* Debug */,
				CC63B54529B2D6A3004E46AA /* Release */,
			);
			defaultConfigurationIsVisible = 0;
			defaultConfigurationName = Release;
		};
		CC63B54629B2D6A3004E46AA /* Build configuration list for PBXNativeTarget "SwiftUI_Intermediate" */ = {
			isa = XCConfigurationList;
			buildConfigurations = (
				CC63B54729B2D6A3004E46AA /* Debug */,
				CC63B54829B2D6A3004E46AA /* Release */,
			);
			defaultConfigurationIsVisible = 0;
			defaultConfigurationName = Release;
		};
/* End XCConfigurationList section */
	};
	rootObject = CC63B53029B2D6A2004E46AA /* Project object */;
}
